// !$*UTF8*$!
{
	archiveVersion = 1;
	classes = {
	};
	objectVersion = 77;
	objects = {

/* Begin PBXContainerItemProxy section */
		B83957032D73CDAB00A3366B /* PBXContainerItemProxy */ = {
			isa = PBXContainerItemProxy;
			containerPortal = B83956EA2D73CDA800A3366B /* Project object */;
			proxyType = 1;
			remoteGlobalIDString = B83956F12D73CDA800A3366B;
			remoteInfo = MagicWaits;
		};
		B839570D2D73CDAB00A3366B /* PBXContainerItemProxy */ = {
			isa = PBXContainerItemProxy;
			containerPortal = B83956EA2D73CDA800A3366B /* Project object */;
			proxyType = 1;
			remoteGlobalIDString = B83956F12D73CDA800A3366B;
			remoteInfo = MagicWaits;
		};
/* End PBXContainerItemProxy section */

/* Begin PBXFileReference section */
		B83956F22D73CDA800A3366B /* MagicWaits.app */ = {isa = PBXFileReference; explicitFileType = wrapper.application; includeInIndex = 0; path = MagicWaits.app; sourceTree = BUILT_PRODUCTS_DIR; };
		B83957022D73CDAB00A3366B /* MagicWaitsTests.xctest */ = {isa = PBXFileReference; explicitFileType = wrapper.cfbundle; includeInIndex = 0; path = MagicWaitsTests.xctest; sourceTree = BUILT_PRODUCTS_DIR; };
		B839570C2D73CDAB00A3366B /* MagicWaitsUITests.xctest */ = {isa = PBXFileReference; explicitFileType = wrapper.cfbundle; includeInIndex = 0; path = MagicWaitsUITests.xctest; sourceTree = BUILT_PRODUCTS_DIR; };
/* End PBXFileReference section */

/* Begin PBXFileSystemSynchronizedRootGroup section */
		B83956F42D73CDA800A3366B /* MagicWaits */ = {
			isa = PBXFileSystemSynchronizedRootGroup;
			path = MagicWaits;
			sourceTree = "<group>";
		};
		B83957052D73CDAB00A3366B /* MagicWaitsTests */ = {
			isa = PBXFileSystemSynchronizedRootGroup;
			path = MagicWaitsTests;
			sourceTree = "<group>";
		};
		B839570F2D73CDAB00A3366B /* MagicWaitsUITests */ = {
			isa = PBXFileSystemSynchronizedRootGroup;
			path = MagicWaitsUITests;
			sourceTree = "<group>";
		};
/* End PBXFileSystemSynchronizedRootGroup section */

/* Begin PBXFrameworksBuildPhase section */
		B83956EF2D73CDA800A3366B /* Frameworks */ = {
			isa = PBXFrameworksBuildPhase;
			buildActionMask = 2147483647;
			files = (
			);
			runOnlyForDeploymentPostprocessing = 0;
		};
		B83956FF2D73CDAB00A3366B /* Frameworks */ = {
			isa = PBXFrameworksBuildPhase;
			buildActionMask = 2147483647;
			files = (
			);
			runOnlyForDeploymentPostprocessing = 0;
		};
		B83957092D73CDAB00A3366B /* Frameworks */ = {
			isa = PBXFrameworksBuildPhase;
			buildActionMask = 2147483647;
			files = (
			);
			runOnlyForDeploymentPostprocessing = 0;
		};
/* End PBXFrameworksBuildPhase section */

/* Begin PBXGroup section */
		B83956E92D73CDA800A3366B = {
			isa = PBXGroup;
			children = (
				B83956F42D73CDA800A3366B /* MagicWaits */,
				B83957052D73CDAB00A3366B /* MagicWaitsTests */,
				B839570F2D73CDAB00A3366B /* MagicWaitsUITests */,
				B83956F32D73CDA800A3366B /* Products */,
			);
			sourceTree = "<group>";
		};
		B83956F32D73CDA800A3366B /* Products */ = {
			isa = PBXGroup;
			children = (
				B83956F22D73CDA800A3366B /* MagicWaits.app */,
				B83957022D73CDAB00A3366B /* MagicWaitsTests.xctest */,
				B839570C2D73CDAB00A3366B /* MagicWaitsUITests.xctest */,
			);
			name = Products;
			sourceTree = "<group>";
		};
/* End PBXGroup section */

/* Begin PBXNativeTarget section */
		B83956F12D73CDA800A3366B /* MagicWaits */ = {
			isa = PBXNativeTarget;
			buildConfigurationList = B83957162D73CDAB00A3366B /* Build configuration list for PBXNativeTarget "MagicWaits" */;
			buildPhases = (
				B83956EE2D73CDA800A3366B /* Sources */,
				B83956EF2D73CDA800A3366B /* Frameworks */,
				B83956F02D73CDA800A3366B /* Resources */,
			);
			buildRules = (
			);
			dependencies = (
			);
			fileSystemSynchronizedGroups = (
				B83956F42D73CDA800A3366B /* MagicWaits */,
			);
			name = MagicWaits;
			packageProductDependencies = (
			);
			productName = MagicWaits;
			productReference = B83956F22D73CDA800A3366B /* MagicWaits.app */;
			productType = "com.apple.product-type.application";
		};
		B83957012D73CDAB00A3366B /* MagicWaitsTests */ = {
			isa = PBXNativeTarget;
			buildConfigurationList = B83957192D73CDAB00A3366B /* Build configuration list for PBXNativeTarget "MagicWaitsTests" */;
			buildPhases = (
				B83956FE2D73CDAB00A3366B /* Sources */,
				B83956FF2D73CDAB00A3366B /* Frameworks */,
				B83957002D73CDAB00A3366B /* Resources */,
			);
			buildRules = (
			);
			dependencies = (
				B83957042D73CDAB00A3366B /* PBXTargetDependency */,
			);
			fileSystemSynchronizedGroups = (
				B83957052D73CDAB00A3366B /* MagicWaitsTests */,
			);
			name = MagicWaitsTests;
			packageProductDependencies = (
			);
			productName = MagicWaitsTests;
			productReference = B83957022D73CDAB00A3366B /* MagicWaitsTests.xctest */;
			productType = "com.apple.product-type.bundle.unit-test";
		};
		B839570B2D73CDAB00A3366B /* MagicWaitsUITests */ = {
			isa = PBXNativeTarget;
			buildConfigurationList = B839571C2D73CDAB00A3366B /* Build configuration list for PBXNativeTarget "MagicWaitsUITests" */;
			buildPhases = (
				B83957082D73CDAB00A3366B /* Sources */,
				B83957092D73CDAB00A3366B /* Frameworks */,
				B839570A2D73CDAB00A3366B /* Resources */,
			);
			buildRules = (
			);
			dependencies = (
				B839570E2D73CDAB00A3366B /* PBXTargetDependency */,
			);
			fileSystemSynchronizedGroups = (
				B839570F2D73CDAB00A3366B /* MagicWaitsUITests */,
			);
			name = MagicWaitsUITests;
			packageProductDependencies = (
			);
			productName = MagicWaitsUITests;
			productReference = B839570C2D73CDAB00A3366B /* MagicWaitsUITests.xctest */;
			productType = "com.apple.product-type.bundle.ui-testing";
		};
/* End PBXNativeTarget section */

/* Begin PBXProject section */
		B83956EA2D73CDA800A3366B /* Project object */ = {
			isa = PBXProject;
			attributes = {
				BuildIndependentTargetsInParallel = 1;
				LastSwiftUpdateCheck = 1600;
				LastUpgradeCheck = 1600;
				TargetAttributes = {
					B83956F12D73CDA800A3366B = {
						CreatedOnToolsVersion = 16.0;
					};
					B83957012D73CDAB00A3366B = {
						CreatedOnToolsVersion = 16.0;
						TestTargetID = B83956F12D73CDA800A3366B;
					};
					B839570B2D73CDAB00A3366B = {
						CreatedOnToolsVersion = 16.0;
						TestTargetID = B83956F12D73CDA800A3366B;
					};
				};
			};
			buildConfigurationList = B83956ED2D73CDA800A3366B /* Build configuration list for PBXProject "MagicWaits" */;
			developmentRegion = en;
			hasScannedForEncodings = 0;
			knownRegions = (
				en,
				Base,
			);
			mainGroup = B83956E92D73CDA800A3366B;
			minimizedProjectReferenceProxies = 1;
			preferredProjectObjectVersion = 77;
			productRefGroup = B83956F32D73CDA800A3366B /* Products */;
			projectDirPath = "";
			projectRoot = "";
			targets = (
				B83956F12D73CDA800A3366B /* MagicWaits */,
				B83957012D73CDAB00A3366B /* MagicWaitsTests */,
				B839570B2D73CDAB00A3366B /* MagicWaitsUITests */,
			);
		};
/* End PBXProject section */

/* Begin PBXResourcesBuildPhase section */
		B83956F02D73CDA800A3366B /* Resources */ = {
			isa = PBXResourcesBuildPhase;
			buildActionMask = 2147483647;
			files = (
			);
			runOnlyForDeploymentPostprocessing = 0;
		};
		B83957002D73CDAB00A3366B /* Resources */ = {
			isa = PBXResourcesBuildPhase;
			buildActionMask = 2147483647;
			files = (
			);
			runOnlyForDeploymentPostprocessing = 0;
		};
		B839570A2D73CDAB00A3366B /* Resources */ = {
			isa = PBXResourcesBuildPhase;
			buildActionMask = 2147483647;
			files = (
			);
			runOnlyForDeploymentPostprocessing = 0;
		};
/* End PBXResourcesBuildPhase section */

/* Begin PBXSourcesBuildPhase section */
		B83956EE2D73CDA800A3366B /* Sources */ = {
			isa = PBXSourcesBuildPhase;
			buildActionMask = 2147483647;
			files = (
			);
			runOnlyForDeploymentPostprocessing = 0;
		};
		B83956FE2D73CDAB00A3366B /* Sources */ = {
			isa = PBXSourcesBuildPhase;
			buildActionMask = 2147483647;
			files = (
			);
			runOnlyForDeploymentPostprocessing = 0;
		};
		B83957082D73CDAB00A3366B /* Sources */ = {
			isa = PBXSourcesBuildPhase;
			buildActionMask = 2147483647;
			files = (
			);
			runOnlyForDeploymentPostprocessing = 0;
		};
/* End PBXSourcesBuildPhase section */

/* Begin PBXTargetDependency section */
		B83957042D73CDAB00A3366B /* PBXTargetDependency */ = {
			isa = PBXTargetDependency;
			target = B83956F12D73CDA800A3366B /* MagicWaits */;
			targetProxy = B83957032D73CDAB00A3366B /* PBXContainerItemProxy */;
		};
		B839570E2D73CDAB00A3366B /* PBXTargetDependency */ = {
			isa = PBXTargetDependency;
			target = B83956F12D73CDA800A3366B /* MagicWaits */;
			targetProxy = B839570D2D73CDAB00A3366B /* PBXContainerItemProxy */;
		};
/* End PBXTargetDependency section */

/* Begin XCBuildConfiguration section */
		B83957142D73CDAB00A3366B /* Debug */ = {
			isa = XCBuildConfiguration;
			buildSettings = {
				ALWAYS_SEARCH_USER_PATHS = NO;
				ASSETCATALOG_COMPILER_GENERATE_SWIFT_ASSET_SYMBOL_EXTENSIONS = YES;
				CLANG_ANALYZER_NONNULL = YES;
				CLANG_ANALYZER_NUMBER_OBJECT_CONVERSION = YES_AGGRESSIVE;
				CLANG_CXX_LANGUAGE_STANDARD = "gnu++20";
				CLANG_ENABLE_MODULES = YES;
				CLANG_ENABLE_OBJC_ARC = YES;
				CLANG_ENABLE_OBJC_WEAK = YES;
				CLANG_WARN_BLOCK_CAPTURE_AUTORELEASING = YES;
				CLANG_WARN_BOOL_CONVERSION = YES;
				CLANG_WARN_COMMA = YES;
				CLANG_WARN_CONSTANT_CONVERSION = YES;
				CLANG_WARN_DEPRECATED_OBJC_IMPLEMENTATIONS = YES;
				CLANG_WARN_DIRECT_OBJC_ISA_USAGE = YES_ERROR;
				CLANG_WARN_DOCUMENTATION_COMMENTS = YES;
				CLANG_WARN_EMPTY_BODY = YES;
				CLANG_WARN_ENUM_CONVERSION = YES;
				CLANG_WARN_INFINITE_RECURSION = YES;
				CLANG_WARN_INT_CONVERSION = YES;
				CLANG_WARN_NON_LITERAL_NULL_CONVERSION = YES;
				CLANG_WARN_OBJC_IMPLICIT_RETAIN_SELF = YES;
				CLANG_WARN_OBJC_LITERAL_CONVERSION = YES;
				CLANG_WARN_OBJC_ROOT_CLASS = YES_ERROR;
				CLANG_WARN_QUOTED_INCLUDE_IN_FRAMEWORK_HEADER = YES;
				CLANG_WARN_RANGE_LOOP_ANALYSIS = YES;
				CLANG_WARN_STRICT_PROTOTYPES = YES;
				CLANG_WARN_SUSPICIOUS_MOVE = YES;
				CLANG_WARN_UNGUARDED_AVAILABILITY = YES_AGGRESSIVE;
				CLANG_WARN_UNREACHABLE_CODE = YES;
				CLANG_WARN__DUPLICATE_METHOD_MATCH = YES;
				COPY_PHASE_STRIP = NO;
				DEBUG_INFORMATION_FORMAT = dwarf;
				ENABLE_STRICT_OBJC_MSGSEND = YES;
				ENABLE_TESTABILITY = YES;
				ENABLE_USER_SCRIPT_SANDBOXING = YES;
				GCC_C_LANGUAGE_STANDARD = gnu17;
				GCC_DYNAMIC_NO_PIC = NO;
				GCC_NO_COMMON_BLOCKS = YES;
				GCC_OPTIMIZATION_LEVEL = 0;
				GCC_PREPROCESSOR_DEFINITIONS = (
					"DEBUG=1",
					"$(inherited)",
				);
				GCC_WARN_64_TO_32_BIT_CONVERSION = YES;
				GCC_WARN_ABOUT_RETURN_TYPE = YES_ERROR;
				GCC_WARN_UNDECLARED_SELECTOR = YES;
				GCC_WARN_UNINITIALIZED_AUTOS = YES_AGGRESSIVE;
				GCC_WARN_UNUSED_FUNCTION = YES;
				GCC_WARN_UNUSED_VARIABLE = YES;
				IPHONEOS_DEPLOYMENT_TARGET = 18.0;
				LOCALIZATION_PREFERS_STRING_CATALOGS = YES;
				MTL_ENABLE_DEBUG_INFO = INCLUDE_SOURCE;
				MTL_FAST_MATH = YES;
				ONLY_ACTIVE_ARCH = YES;
				SDKROOT = iphoneos;
				SWIFT_ACTIVE_COMPILATION_CONDITIONS = "DEBUG $(inherited)";
				SWIFT_OPTIMIZATION_LEVEL = "-Onone";
			};
			name = Debug;
		};
		B83957152D73CDAB00A3366B /* Release */ = {
			isa = XCBuildConfiguration;
			buildSettings = {
				ALWAYS_SEARCH_USER_PATHS = NO;
				ASSETCATALOG_COMPILER_GENERATE_SWIFT_ASSET_SYMBOL_EXTENSIONS = YES;
				CLANG_ANALYZER_NONNULL = YES;
				CLANG_ANALYZER_NUMBER_OBJECT_CONVERSION = YES_AGGRESSIVE;
				CLANG_CXX_LANGUAGE_STANDARD = "gnu++20";
				CLANG_ENABLE_MODULES = YES;
				CLANG_ENABLE_OBJC_ARC = YES;
				CLANG_ENABLE_OBJC_WEAK = YES;
				CLANG_WARN_BLOCK_CAPTURE_AUTORELEASING = YES;
				CLANG_WARN_BOOL_CONVERSION = YES;
				CLANG_WARN_COMMA = YES;
				CLANG_WARN_CONSTANT_CONVERSION = YES;
				CLANG_WARN_DEPRECATED_OBJC_IMPLEMENTATIONS = YES;
				CLANG_WARN_DIRECT_OBJC_ISA_USAGE = YES_ERROR;
				CLANG_WARN_DOCUMENTATION_COMMENTS = YES;
				CLANG_WARN_EMPTY_BODY = YES;
				CLANG_WARN_ENUM_CONVERSION = YES;
				CLANG_WARN_INFINITE_RECURSION = YES;
				CLANG_WARN_INT_CONVERSION = YES;
				CLANG_WARN_NON_LITERAL_NULL_CONVERSION = YES;
				CLANG_WARN_OBJC_IMPLICIT_RETAIN_SELF = YES;
				CLANG_WARN_OBJC_LITERAL_CONVERSION = YES;
				CLANG_WARN_OBJC_ROOT_CLASS = YES_ERROR;
				CLANG_WARN_QUOTED_INCLUDE_IN_FRAMEWORK_HEADER = YES;
				CLANG_WARN_RANGE_LOOP_ANALYSIS = YES;
				CLANG_WARN_STRICT_PROTOTYPES = YES;
				CLANG_WARN_SUSPICIOUS_MOVE = YES;
				CLANG_WARN_UNGUARDED_AVAILABILITY = YES_AGGRESSIVE;
				CLANG_WARN_UNREACHABLE_CODE = YES;
				CLANG_WARN__DUPLICATE_METHOD_MATCH = YES;
				COPY_PHASE_STRIP = NO;
				DEBUG_INFORMATION_FORMAT = "dwarf-with-dsym";
				ENABLE_NS_ASSERTIONS = NO;
				ENABLE_STRICT_OBJC_MSGSEND = YES;
				ENABLE_USER_SCRIPT_SANDBOXING = YES;
				GCC_C_LANGUAGE_STANDARD = gnu17;
				GCC_NO_COMMON_BLOCKS = YES;
				GCC_WARN_64_TO_32_BIT_CONVERSION = YES;
				GCC_WARN_ABOUT_RETURN_TYPE = YES_ERROR;
				GCC_WARN_UNDECLARED_SELECTOR = YES;
				GCC_WARN_UNINITIALIZED_AUTOS = YES_AGGRESSIVE;
				GCC_WARN_UNUSED_FUNCTION = YES;
				GCC_WARN_UNUSED_VARIABLE = YES;
				IPHONEOS_DEPLOYMENT_TARGET = 18.0;
				LOCALIZATION_PREFERS_STRING_CATALOGS = YES;
				MTL_ENABLE_DEBUG_INFO = NO;
				MTL_FAST_MATH = YES;
				SDKROOT = iphoneos;
				SWIFT_COMPILATION_MODE = wholemodule;
				VALIDATE_PRODUCT = YES;
			};
			name = Release;
		};
		B83957172D73CDAB00A3366B /* Debug */ = {
			isa = XCBuildConfiguration;
			buildSettings = {
				ASSETCATALOG_COMPILER_APPICON_NAME = AppIcon;
				ASSETCATALOG_COMPILER_GLOBAL_ACCENT_COLOR_NAME = AccentColor;
				CODE_SIGN_STYLE = Automatic;
				CURRENT_PROJECT_VERSION = 1;
				DEVELOPMENT_ASSET_PATHS = "\"MagicWaits/Preview Content\"";
				DEVELOPMENT_TEAM = 6G6NSR2KJ7;
				ENABLE_PREVIEWS = YES;
				GENERATE_INFOPLIST_FILE = YES;
				INFOPLIST_KEY_UIApplicationSceneManifest_Generation = YES;
				INFOPLIST_KEY_UIApplicationSupportsIndirectInputEvents = YES;
				INFOPLIST_KEY_UILaunchScreen_Generation = YES;
				INFOPLIST_KEY_UISupportedInterfaceOrientations_iPad = "UIInterfaceOrientationPortrait UIInterfaceOrientationPortraitUpsideDown UIInterfaceOrientationLandscapeLeft UIInterfaceOrientationLandscapeRight";
				INFOPLIST_KEY_UISupportedInterfaceOrientations_iPhone = "UIInterfaceOrientationPortrait UIInterfaceOrientationLandscapeLeft UIInterfaceOrientationLandscapeRight";
				LD_RUNPATH_SEARCH_PATHS = (
					"$(inherited)",
					"@executable_path/Frameworks",
				);
				MARKETING_VERSION = 1.0;
				PRODUCT_BUNDLE_IDENTIFIER = keeley.gardner.MagicWaits;
				PRODUCT_NAME = "$(TARGET_NAME)";
				SWIFT_EMIT_LOC_STRINGS = YES;
				SWIFT_VERSION = 5.0;
				TARGETED_DEVICE_FAMILY = "1,2";
			};
			name = Debug;
		};
		B83957182D73CDAB00A3366B /* Release */ = {
			isa = XCBuildConfiguration;
			buildSettings = {
				ASSETCATALOG_COMPILER_APPICON_NAME = AppIcon;
				ASSETCATALOG_COMPILER_GLOBAL_ACCENT_COLOR_NAME = AccentColor;
				CODE_SIGN_STYLE = Automatic;
				CURRENT_PROJECT_VERSION = 1;
				DEVELOPMENT_ASSET_PATHS = "\"MagicWaits/Preview Content\"";
				DEVELOPMENT_TEAM = 6G6NSR2KJ7;
				ENABLE_PREVIEWS = YES;
				GENERATE_INFOPLIST_FILE = YES;
				INFOPLIST_KEY_UIApplicationSceneManifest_Generation = YES;
				INFOPLIST_KEY_UIApplicationSupportsIndirectInputEvents = YES;
				INFOPLIST_KEY_UILaunchScreen_Generation = YES;
				INFOPLIST_KEY_UISupportedInterfaceOrientations_iPad = "UIInterfaceOrientationPortrait UIInterfaceOrientationPortraitUpsideDown UIInterfaceOrientationLandscapeLeft UIInterfaceOrientationLandscapeRight";
				INFOPLIST_KEY_UISupportedInterfaceOrientations_iPhone = "UIInterfaceOrientationPortrait UIInterfaceOrientationLandscapeLeft UIInterfaceOrientationLandscapeRight";
				LD_RUNPATH_SEARCH_PATHS = (
					"$(inherited)",
					"@executable_path/Frameworks",
				);
				MARKETING_VERSION = 1.0;
				PRODUCT_BUNDLE_IDENTIFIER = keeley.gardner.MagicWaits;
				PRODUCT_NAME = "$(TARGET_NAME)";
				SWIFT_EMIT_LOC_STRINGS = YES;
				SWIFT_VERSION = 5.0;
				TARGETED_DEVICE_FAMILY = "1,2";
			};
			name = Release;
		};
		B839571A2D73CDAB00A3366B /* Debug */ = {
			isa = XCBuildConfiguration;
			buildSettings = {
				BUNDLE_LOADER = "$(TEST_HOST)";
				CODE_SIGN_STYLE = Automatic;
				CURRENT_PROJECT_VERSION = 1;
				GENERATE_INFOPLIST_FILE = YES;
				IPHONEOS_DEPLOYMENT_TARGET = 18.0;
				MARKETING_VERSION = 1.0;
				PRODUCT_BUNDLE_IDENTIFIER = keeley.gardner.MagicWaitsTests;
				PRODUCT_NAME = "$(TARGET_NAME)";
				SWIFT_EMIT_LOC_STRINGS = NO;
				SWIFT_VERSION = 5.0;
				TARGETED_DEVICE_FAMILY = "1,2";
				TEST_HOST = "$(BUILT_PRODUCTS_DIR)/MagicWaits.app/$(BUNDLE_EXECUTABLE_FOLDER_PATH)/MagicWaits";
			};
			name = Debug;
		};
		B839571B2D73CDAB00A3366B /* Release */ = {
			isa = XCBuildConfiguration;
			buildSettings = {
				BUNDLE_LOADER = "$(TEST_HOST)";
				CODE_SIGN_STYLE = Automatic;
				CURRENT_PROJECT_VERSION = 1;
				GENERATE_INFOPLIST_FILE = YES;
				IPHONEOS_DEPLOYMENT_TARGET = 18.0;
				MARKETING_VERSION = 1.0;
				PRODUCT_BUNDLE_IDENTIFIER = keeley.gardner.MagicWaitsTests;
				PRODUCT_NAME = "$(TARGET_NAME)";
				SWIFT_EMIT_LOC_STRINGS = NO;
				SWIFT_VERSION = 5.0;
				TARGETED_DEVICE_FAMILY = "1,2";
				TEST_HOST = "$(BUILT_PRODUCTS_DIR)/MagicWaits.app/$(BUNDLE_EXECUTABLE_FOLDER_PATH)/MagicWaits";
			};
			name = Release;
		};
		B839571D2D73CDAB00A3366B /* Debug */ = {
			isa = XCBuildConfiguration;
			buildSettings = {
				CODE_SIGN_STYLE = Automatic;
				CURRENT_PROJECT_VERSION = 1;
				GENERATE_INFOPLIST_FILE = YES;
				MARKETING_VERSION = 1.0;
				PRODUCT_BUNDLE_IDENTIFIER = keeley.gardner.MagicWaitsUITests;
				PRODUCT_NAME = "$(TARGET_NAME)";
				SWIFT_EMIT_LOC_STRINGS = NO;
				SWIFT_VERSION = 5.0;
				TARGETED_DEVICE_FAMILY = "1,2";
				TEST_TARGET_NAME = MagicWaits;
			};
			name = Debug;
		};
		B839571E2D73CDAB00A3366B /* Release */ = {
			isa = XCBuildConfiguration;
			buildSettings = {
				CODE_SIGN_STYLE = Automatic;
				CURRENT_PROJECT_VERSION = 1;
				GENERATE_INFOPLIST_FILE = YES;
				MARKETING_VERSION = 1.0;
				PRODUCT_BUNDLE_IDENTIFIER = keeley.gardner.MagicWaitsUITests;
				PRODUCT_NAME = "$(TARGET_NAME)";
				SWIFT_EMIT_LOC_STRINGS = NO;
				SWIFT_VERSION = 5.0;
				TARGETED_DEVICE_FAMILY = "1,2";
				TEST_TARGET_NAME = MagicWaits;
			};
			name = Release;
		};
/* End XCBuildConfiguration section */

/* Begin XCConfigurationList section */
		B83956ED2D73CDA800A3366B /* Build configuration list for PBXProject "MagicWaits" */ = {
			isa = XCConfigurationList;
			buildConfigurations = (
				B83957142D73CDAB00A3366B /* Debug */,
				B83957152D73CDAB00A3366B /* Release */,
			);
			defaultConfigurationIsVisible = 0;
			defaultConfigurationName = Release;
		};
		B83957162D73CDAB00A3366B /* Build configuration list for PBXNativeTarget "MagicWaits" */ = {
			isa = XCConfigurationList;
			buildConfigurations = (
				B83957172D73CDAB00A3366B /* Debug */,
				B83957182D73CDAB00A3366B /* Release */,
			);
			defaultConfigurationIsVisible = 0;
			defaultConfigurationName = Release;
		};
		B83957192D73CDAB00A3366B /* Build configuration list for PBXNativeTarget "MagicWaitsTests" */ = {
			isa = XCConfigurationList;
			buildConfigurations = (
				B839571A2D73CDAB00A3366B /* Debug */,
				B839571B2D73CDAB00A3366B /* Release */,
			);
			defaultConfigurationIsVisible = 0;
			defaultConfigurationName = Release;
		};
		B839571C2D73CDAB00A3366B /* Build configuration list for PBXNativeTarget "MagicWaitsUITests" */ = {
			isa = XCConfigurationList;
			buildConfigurations = (
				B839571D2D73CDAB00A3366B /* Debug */,
				B839571E2D73CDAB00A3366B /* Release */,
			);
			defaultConfigurationIsVisible = 0;
			defaultConfigurationName = Release;
		};
/* End XCConfigurationList section */
	};
	rootObject = B83956EA2D73CDA800A3366B /* Project object */;
}
